
Microsoft Visual Studio Solution File, Format Version 12.00
# Visual Studio Version 17
VisualStudioVersion = 17.2.32630.192
MinimumVisualStudioVersion = 10.0.40219.1
Project("{8BC9CEB8-8B4A-11D0-8D11-00A0C91BC942}") = "01_CalorieCounting", "01_CalorieCounting\01_CalorieCounting.vcxproj", "{7F2E1DCE-F24B-460D-94B5-C03BA352EC3B}"
EndProject
Project("{8BC9CEB8-8B4A-11D0-8D11-00A0C91BC942}") = "02_RockPaperScissors", "02_RockPaperScissors\02_RockPaperScissors.vcxproj", "{7244347A-474D-4BBE-82C4-083279EAA039}"
EndProject
Project("{8BC9CEB8-8B4A-11D0-8D11-00A0C91BC942}") = "03_RucksackReorganization", "03_RucksackReorganization\03_RucksackReorganization.vcxproj", "{4FDADCAC-126F-44E7-9BCF-25CCE6EF1770}"
EndProject
Global
	GlobalSection(SolutionConfigurationPlatforms) = preSolution
		Debug|x64 = Debug|x64
		Debug|x86 = Debug|x86
		Release|x64 = Release|x64
		Release|x86 = Release|x86
	EndGlobalSection
	GlobalSection(ProjectConfigurationPlatforms) = postSolution
		{7F2E1DCE-F24B-460D-94B5-C03BA352EC3B}.Debug|x64.ActiveCfg = Debug|x64
		{7F2E1DCE-F24B-460D-94B5-C03BA352EC3B}.Debug|x64.Build.0 = Debug|x64
		{7F2E1DCE-F24B-460D-94B5-C03BA352EC3B}.Debug|x86.ActiveCfg = Debug|Win32
		{7F2E1DCE-F24B-460D-94B5-C03BA352EC3B}.Debug|x86.Build.0 = Debug|Win32
		{7F2E1DCE-F24B-460D-94B5-C03BA352EC3B}.Release|x64.ActiveCfg = Release|x64
		{7F2E1DCE-F24B-460D-94B5-C03BA352EC3B}.Release|x64.Build.0 = Release|x64
		{7F2E1DCE-F24B-460D-94B5-C03BA352EC3B}.Release|x86.ActiveCfg = Release|Win32
		{7F2E1DCE-F24B-460D-94B5-C03BA352EC3B}.Release|x86.Build.0 = Release|Win32
		{7244347A-474D-4BBE-82C4-083279EAA039}.Debug|x64.ActiveCfg = Debug|x64
		{7244347A-474D-4BBE-82C4-083279EAA039}.Debug|x64.Build.0 = Debug|x64
		{7244347A-474D-4BBE-82C4-083279EAA039}.Debug|x86.ActiveCfg = Debug|Win32
		{7244347A-474D-4BBE-82C4-083279EAA039}.Debug|x86.Build.0 = Debug|Win32
		{7244347A-474D-4BBE-82C4-083279EAA039}.Release|x64.ActiveCfg = Release|x64
		{7244347A-474D-4BBE-82C4-083279EAA039}.Release|x64.Build.0 = Release|x64
		{7244347A-474D-4BBE-82C4-083279EAA039}.Release|x86.ActiveCfg = Release|Win32
		{7244347A-474D-4BBE-82C4-083279EAA039}.Release|x86.Build.0 = Release|Win32
		{4FDADCAC-126F-44E7-9BCF-25CCE6EF1770}.Debug|x64.ActiveCfg = Debug|x64
		{4FDADCAC-126F-44E7-9BCF-25CCE6EF1770}.Debug|x64.Build.0 = Debug|x64
		{4FDADCAC-126F-44E7-9BCF-25CCE6EF1770}.Debug|x86.ActiveCfg = Debug|Win32
		{4FDADCAC-126F-44E7-9BCF-25CCE6EF1770}.Debug|x86.Build.0 = Debug|Win32
		{4FDADCAC-126F-44E7-9BCF-25CCE6EF1770}.Release|x64.ActiveCfg = Release|x64
		{4FDADCAC-126F-44E7-9BCF-25CCE6EF1770}.Release|x64.Build.0 = Release|x64
		{4FDADCAC-126F-44E7-9BCF-25CCE6EF1770}.Release|x86.ActiveCfg = Release|Win32
		{4FDADCAC-126F-44E7-9BCF-25CCE6EF1770}.Release|x86.Build.0 = Release|Win32
	EndGlobalSection
	GlobalSection(SolutionProperties) = preSolution
		HideSolutionNode = FALSE
	EndGlobalSection
	GlobalSection(ExtensibilityGlobals) = postSolution
		SolutionGuid = {F3E0380B-D644-418F-AC44-55A8CA5FC8B0}
	EndGlobalSection
EndGlobal
